
Microsoft Visual Studio Solution File, Format Version 12.00
# Visual Studio Version 16
VisualStudioVersion = 16.0.31515.178
MinimumVisualStudioVersion = 10.0.40219.1
Project("{FAE04EC0-301F-11D3-BF4B-00C04F79EFBC}") = "LibraryWebSite", "LibraryWebSite\LibraryWebSite.csproj", "{0E409853-6FAB-4C8A-B30B-D5D45160AEF3}"
EndProject
Project("{FAE04EC0-301F-11D3-BF4B-00C04F79EFBC}") = "LibraryDAL", "LibraryDATA\LibraryDAL.csproj", "{22FBAB7C-757C-4F74-8324-39BC302C6451}"
EndProject
Project("{FAE04EC0-301F-11D3-BF4B-00C04F79EFBC}") = "LibraryBLL", "LibraryBusiness\LibraryBLL.csproj", "{9B05C372-E6B8-4E1F-9986-709AE67372FA}"
EndProject
Project("{FAE04EC0-301F-11D3-BF4B-00C04F79EFBC}") = "LibraryDTO", "LibraryDTO\LibraryDTO.csproj", "{5D165D02-7D50-4985-AA95-AFE83692F0C9}"
EndProject
Project("{FAE04EC0-301F-11D3-BF4B-00C04F79EFBC}") = "Core", "Core\Core.csproj", "{A2BC2935-0B0E-4577-81A5-937F1BCEED40}"
EndProject
Project("{FAE04EC0-301F-11D3-BF4B-00C04F79EFBC}") = "LibraryWebApi", "LibraryWebApi\LibraryWebApi.csproj", "{A86B9404-D760-495C-8851-CCDBAC286E50}"
EndProject
Global
	GlobalSection(SolutionConfigurationPlatforms) = preSolution
		Debug|Any CPU = Debug|Any CPU
		Release|Any CPU = Release|Any CPU
	EndGlobalSection
	GlobalSection(ProjectConfigurationPlatforms) = postSolution
		{0E409853-6FAB-4C8A-B30B-D5D45160AEF3}.Debug|Any CPU.ActiveCfg = Debug|Any CPU
		{0E409853-6FAB-4C8A-B30B-D5D45160AEF3}.Debug|Any CPU.Build.0 = Debug|Any CPU
		{0E409853-6FAB-4C8A-B30B-D5D45160AEF3}.Release|Any CPU.ActiveCfg = Release|Any CPU
		{0E409853-6FAB-4C8A-B30B-D5D45160AEF3}.Release|Any CPU.Build.0 = Release|Any CPU
		{22FBAB7C-757C-4F74-8324-39BC302C6451}.Debug|Any CPU.ActiveCfg = Debug|Any CPU
		{22FBAB7C-757C-4F74-8324-39BC302C6451}.Debug|Any CPU.Build.0 = Debug|Any CPU
		{22FBAB7C-757C-4F74-8324-39BC302C6451}.Release|Any CPU.ActiveCfg = Release|Any CPU
		{22FBAB7C-757C-4F74-8324-39BC302C6451}.Release|Any CPU.Build.0 = Release|Any CPU
		{9B05C372-E6B8-4E1F-9986-709AE67372FA}.Debug|Any CPU.ActiveCfg = Debug|Any CPU
		{9B05C372-E6B8-4E1F-9986-709AE67372FA}.Debug|Any CPU.Build.0 = Debug|Any CPU
		{9B05C372-E6B8-4E1F-9986-709AE67372FA}.Release|Any CPU.ActiveCfg = Release|Any CPU
		{9B05C372-E6B8-4E1F-9986-709AE67372FA}.Release|Any CPU.Build.0 = Release|Any CPU
		{5D165D02-7D50-4985-AA95-AFE83692F0C9}.Debug|Any CPU.ActiveCfg = Debug|Any CPU
		{5D165D02-7D50-4985-AA95-AFE83692F0C9}.Debug|Any CPU.Build.0 = Debug|Any CPU
		{5D165D02-7D50-4985-AA95-AFE83692F0C9}.Release|Any CPU.ActiveCfg = Release|Any CPU
		{5D165D02-7D50-4985-AA95-AFE83692F0C9}.Release|Any CPU.Build.0 = Release|Any CPU
		{A2BC2935-0B0E-4577-81A5-937F1BCEED40}.Debug|Any CPU.ActiveCfg = Debug|Any CPU
		{A2BC2935-0B0E-4577-81A5-937F1BCEED40}.Debug|Any CPU.Build.0 = Debug|Any CPU
		{A2BC2935-0B0E-4577-81A5-937F1BCEED40}.Release|Any CPU.ActiveCfg = Release|Any CPU
		{A2BC2935-0B0E-4577-81A5-937F1BCEED40}.Release|Any CPU.Build.0 = Release|Any CPU
		{A86B9404-D760-495C-8851-CCDBAC286E50}.Debug|Any CPU.ActiveCfg = Debug|Any CPU
		{A86B9404-D760-495C-8851-CCDBAC286E50}.Debug|Any CPU.Build.0 = Debug|Any CPU
		{A86B9404-D760-495C-8851-CCDBAC286E50}.Release|Any CPU.ActiveCfg = Release|Any CPU
		{A86B9404-D760-495C-8851-CCDBAC286E50}.Release|Any CPU.Build.0 = Release|Any CPU
	EndGlobalSection
	GlobalSection(SolutionProperties) = preSolution
		HideSolutionNode = FALSE
	EndGlobalSection
	GlobalSection(ExtensibilityGlobals) = postSolution
		SolutionGuid = {A57C8B04-2A26-464D-83B6-1BE3D1E7CE8C}
	EndGlobalSection
EndGlobal
